
Microsoft Visual Studio Solution File, Format Version 12.00
# Visual Studio Version 17
VisualStudioVersion = 17.2.32505.173
MinimumVisualStudioVersion = 10.0.40219.1
Project("{FAE04EC0-301F-11D3-BF4B-00C04F79EFBC}") = "DemoOfThreading", "DemoOfThreading\DemoOfThreading.csproj", "{185AB18D-287C-41A4-9935-92E3C73B7A0B}"
EndProject
Project("{FAE04EC0-301F-11D3-BF4B-00C04F79EFBC}") = "EmployeePayrollTest", "EmployeePayrollTest\EmployeePayrollTest.csproj", "{80819199-EA37-4329-90A0-0E1D29A98E59}"
EndProject
Global
	GlobalSection(SolutionConfigurationPlatforms) = preSolution
		Debug|Any CPU = Debug|Any CPU
		Release|Any CPU = Release|Any CPU
	EndGlobalSection
	GlobalSection(ProjectConfigurationPlatforms) = postSolution
		{185AB18D-287C-41A4-9935-92E3C73B7A0B}.Debug|Any CPU.ActiveCfg = Debug|Any CPU
		{185AB18D-287C-41A4-9935-92E3C73B7A0B}.Debug|Any CPU.Build.0 = Debug|Any CPU
		{185AB18D-287C-41A4-9935-92E3C73B7A0B}.Release|Any CPU.ActiveCfg = Release|Any CPU
		{185AB18D-287C-41A4-9935-92E3C73B7A0B}.Release|Any CPU.Build.0 = Release|Any CPU
		{80819199-EA37-4329-90A0-0E1D29A98E59}.Debug|Any CPU.ActiveCfg = Debug|Any CPU
		{80819199-EA37-4329-90A0-0E1D29A98E59}.Debug|Any CPU.Build.0 = Debug|Any CPU
		{80819199-EA37-4329-90A0-0E1D29A98E59}.Release|Any CPU.ActiveCfg = Release|Any CPU
		{80819199-EA37-4329-90A0-0E1D29A98E59}.Release|Any CPU.Build.0 = Release|Any CPU
	EndGlobalSection
	GlobalSection(SolutionProperties) = preSolution
		HideSolutionNode = FALSE
	EndGlobalSection
	GlobalSection(ExtensibilityGlobals) = postSolution
		SolutionGuid = {D35B26E1-ACF1-4EC0-A3AF-BAC34827442F}
	EndGlobalSection
EndGlobal
